github.com/betacraft/easytags v1.0.2 h1:hJkN3JKGOP0C1mXuUVlVX25m/CXNtsBG0oEW72noAXE=
github.com/betacraft/easytags v1.0.2/go.mod h1:g3FkpCCFj2YbU+JDDXfumrmJpxj0ZJ/+szwQM5JkWZ8=
github.com/bigelle/utils.go v0.0.0-20240830154320-652eedd88e75 h1:C0eDZcHRppLbhGckyPTHI5C/kx+FYZbXxZyQxNTXFOQ=
github.com/bigelle/utils.go v0.0.0-20240830154320-652eedd88e75/go.mod h1:7o52Okf1CwW/S5XYu2JjDa+2aAnIW+861rJdX91Ligg=
